
Microsoft Visual Studio Solution File, Format Version 12.00
# Visual Studio 14
VisualStudioVersion = 14.0.23107.0
MinimumVisualStudioVersion = 10.0.40219.1
Project("{FAE04EC0-301F-11D3-BF4B-00C04F79EFBC}") = "LiveFlight-Connect", "LiveFlight-Connect\LiveFlight-Connect.csproj", "{A5CF6BB3-4383-4DBC-9F93-42305A328AB2}"
EndProject
Project("{FAE04EC0-301F-11D3-BF4B-00C04F79EFBC}") = "Indicators", "Indicators\Indicators.csproj", "{6E9749FB-C09F-4522-AB07-B34AADE5CA69}"
EndProject
Global
	GlobalSection(SolutionConfigurationPlatforms) = preSolution
		Debug|Any CPU = Debug|Any CPU
		Release|Any CPU = Release|Any CPU
	EndGlobalSection
	GlobalSection(ProjectConfigurationPlatforms) = postSolution
		{A5CF6BB3-4383-4DBC-9F93-42305A328AB2}.Debug|Any CPU.ActiveCfg = Debug|Any CPU
		{A5CF6BB3-4383-4DBC-9F93-42305A328AB2}.Debug|Any CPU.Build.0 = Debug|Any CPU
		{A5CF6BB3-4383-4DBC-9F93-42305A328AB2}.Release|Any CPU.ActiveCfg = Release|Any CPU
		{A5CF6BB3-4383-4DBC-9F93-42305A328AB2}.Release|Any CPU.Build.0 = Release|Any CPU
		{6E9749FB-C09F-4522-AB07-B34AADE5CA69}.Debug|Any CPU.ActiveCfg = Debug|Any CPU
		{6E9749FB-C09F-4522-AB07-B34AADE5CA69}.Debug|Any CPU.Build.0 = Debug|Any CPU
		{6E9749FB-C09F-4522-AB07-B34AADE5CA69}.Release|Any CPU.ActiveCfg = Release|Any CPU
		{6E9749FB-C09F-4522-AB07-B34AADE5CA69}.Release|Any CPU.Build.0 = Release|Any CPU
	EndGlobalSection
	GlobalSection(SolutionProperties) = preSolution
		HideSolutionNode = FALSE
	EndGlobalSection
EndGlobal
